
Microsoft Visual Studio Solution File, Format Version 12.00
# Visual Studio 15
VisualStudioVersion = 15.0.26724.1
MinimumVisualStudioVersion = 10.0.40219.1
Project("{FAE04EC0-301F-11D3-BF4B-00C04F79EFBC}") = "InventoryPoc", "InventoryPoc\InventoryPoc.csproj", "{C780A4A0-0B59-45B2-A973-FF065BEA0D6F}"
EndProject
Global
	GlobalSection(SolutionConfigurationPlatforms) = preSolution
		Debug|Any CPU = Debug|Any CPU
		Release|Any CPU = Release|Any CPU
	EndGlobalSection
	GlobalSection(ProjectConfigurationPlatforms) = postSolution
		{C780A4A0-0B59-45B2-A973-FF065BEA0D6F}.Debug|Any CPU.ActiveCfg = Debug|Any CPU
		{C780A4A0-0B59-45B2-A973-FF065BEA0D6F}.Debug|Any CPU.Build.0 = Debug|Any CPU
		{C780A4A0-0B59-45B2-A973-FF065BEA0D6F}.Release|Any CPU.ActiveCfg = Release|Any CPU
		{C780A4A0-0B59-45B2-A973-FF065BEA0D6F}.Release|Any CPU.Build.0 = Release|Any CPU
	EndGlobalSection
	GlobalSection(SolutionProperties) = preSolution
		HideSolutionNode = FALSE
	EndGlobalSection
	GlobalSection(ExtensibilityGlobals) = postSolution
		SolutionGuid = {112E72B4-449D-49C7-B76B-EAF2DCDE31A7}
	EndGlobalSection
EndGlobal
